
Microsoft Visual Studio Solution File, Format Version 12.00
# Visual Studio Version 17
VisualStudioVersion = 17.9.34728.123
MinimumVisualStudioVersion = 10.0.40219.1
Project("{9A19103F-16F7-4668-BE54-9A1E7A4F7556}") = "Proyecto", "Proyecto\Proyecto.csproj", "{7E42B46A-39B9-4070-94ED-59C766719ABF}"
EndProject
Global
	GlobalSection(SolutionConfigurationPlatforms) = preSolution
		Debug|Any CPU = Debug|Any CPU
		Release|Any CPU = Release|Any CPU
	EndGlobalSection
	GlobalSection(ProjectConfigurationPlatforms) = postSolution
		{7E42B46A-39B9-4070-94ED-59C766719ABF}.Debug|Any CPU.ActiveCfg = Debug|Any CPU
		{7E42B46A-39B9-4070-94ED-59C766719ABF}.Debug|Any CPU.Build.0 = Debug|Any CPU
		{7E42B46A-39B9-4070-94ED-59C766719ABF}.Release|Any CPU.ActiveCfg = Release|Any CPU
		{7E42B46A-39B9-4070-94ED-59C766719ABF}.Release|Any CPU.Build.0 = Release|Any CPU
	EndGlobalSection
	GlobalSection(SolutionProperties) = preSolution
		HideSolutionNode = FALSE
	EndGlobalSection
	GlobalSection(ExtensibilityGlobals) = postSolution
		SolutionGuid = {82B185A3-BEC9-49E7-BC98-ED157592CAB9}
	EndGlobalSection
EndGlobal
